// !$*UTF8*$!
{
	archiveVersion = 1;
	classes = {
	};
	objectVersion = 46;
	objects = {

/* Begin PBXBuildFile section */
		A9082E221ECD6EBF00BF26A1 /* main.m in Sources */ = {isa = PBXBuildFile; fileRef = A9082E211ECD6EBF00BF26A1 /* main.m */; };
		A9082E251ECD6EBF00BF26A1 /* AppDelegate.m in Sources */ = {isa = PBXBuildFile; fileRef = A9082E241ECD6EBF00BF26A1 /* AppDelegate.m */; };
		A9082E281ECD6EBF00BF26A1 /* ViewController.m in Sources */ = {isa = PBXBuildFile; fileRef = A9082E271ECD6EBF00BF26A1 /* ViewController.m */; };
		A9082E2B1ECD6EBF00BF26A1 /* Main.storyboard in Resources */ = {isa = PBXBuildFile; fileRef = A9082E291ECD6EBF00BF26A1 /* Main.storyboard */; };
		A9082E2D1ECD6EBF00BF26A1 /* Assets.xcassets in Resources */ = {isa = PBXBuildFile; fileRef = A9082E2C1ECD6EBF00BF26A1 /* Assets.xcassets */; };
		A9082E301ECD6EBF00BF26A1 /* LaunchScreen.storyboard in Resources */ = {isa = PBXBuildFile; fileRef = A9082E2E1ECD6EBF00BF26A1 /* LaunchScreen.storyboard */; };
		A9A1A1881ECED801008B0079 /* AYTaskQueue_Leaks.m in Sources */ = {isa = PBXBuildFile; fileRef = A9A1A1871ECED801008B0079 /* AYTaskQueue_Leaks.m */; };
		A9E067971ECD9F9300D71131 /* AYCarrier.m in Sources */ = {isa = PBXBuildFile; fileRef = A9E067941ECD9F9300D71131 /* AYCarrier.m */; };
		A9E067981ECD9F9300D71131 /* AYTaskQueue.m in Sources */ = {isa = PBXBuildFile; fileRef = A9E067961ECD9F9300D71131 /* AYTaskQueue.m */; };
/* End PBXBuildFile section */

/* Begin PBXFileReference section */
		A9082E1D1ECD6EBF00BF26A1 /* AYTaskQueue.app */ = {isa = PBXFileReference; explicitFileType = wrapper.application; includeInIndex = 0; path = AYTaskQueue.app; sourceTree = BUILT_PRODUCTS_DIR; };
		A9082E211ECD6EBF00BF26A1 /* main.m */ = {isa = PBXFileReference; lastKnownFileType = sourcecode.c.objc; path = main.m; sourceTree = "<group>"; };
		A9082E231ECD6EBF00BF26A1 /* AppDelegate.h */ = {isa = PBXFileReference; lastKnownFileType = sourcecode.c.h; path = AppDelegate.h; sourceTree = "<group>"; };
		A9082E241ECD6EBF00BF26A1 /* AppDelegate.m */ = {isa = PBXFileReference; lastKnownFileType = sourcecode.c.objc; path = AppDelegate.m; sourceTree = "<group>"; };
		A9082E261ECD6EBF00BF26A1 /* ViewController.h */ = {isa = PBXFileReference; lastKnownFileType = sourcecode.c.h; path = ViewController.h; sourceTree = "<group>"; };
		A9082E271ECD6EBF00BF26A1 /* ViewController.m */ = {isa = PBXFileReference; lastKnownFileType = sourcecode.c.objc; path = ViewController.m; sourceTree = "<group>"; };
		A9082E2A1ECD6EBF00BF26A1 /* Base */ = {isa = PBXFileReference; lastKnownFileType = file.storyboard; name = Base; path = Base.lproj/Main.storyboard; sourceTree = "<group>"; };
		A9082E2C1ECD6EBF00BF26A1 /* Assets.xcassets */ = {isa = PBXFileReference; lastKnownFileType = folder.assetcatalog; path = Assets.xcassets; sourceTree = "<group>"; };
		A9082E2F1ECD6EBF00BF26A1 /* Base */ = {isa = PBXFileReference; lastKnownFileType = file.storyboard; name = Base; path = Base.lproj/LaunchScreen.storyboard; sourceTree = "<group>"; };
		A9082E311ECD6EC000BF26A1 /* Info.plist */ = {isa = PBXFileReference; lastKnownFileType = text.plist.xml; path = Info.plist; sourceTree = "<group>"; };
		A9A1A1861ECED801008B0079 /* AYTaskQueue_Leaks.h */ = {isa = PBXFileReference; fileEncoding = 4; lastKnownFileType = sourcecode.c.h; path = AYTaskQueue_Leaks.h; sourceTree = "<group>"; };
		A9A1A1871ECED801008B0079 /* AYTaskQueue_Leaks.m */ = {isa = PBXFileReference; fileEncoding = 4; lastKnownFileType = sourcecode.c.objc; path = AYTaskQueue_Leaks.m; sourceTree = "<group>"; };
		A9E067931ECD9F9300D71131 /* AYCarrier.h */ = {isa = PBXFileReference; fileEncoding = 4; lastKnownFileType = sourcecode.c.h; path = AYCarrier.h; sourceTree = "<group>"; };
		A9E067941ECD9F9300D71131 /* AYCarrier.m */ = {isa = PBXFileReference; fileEncoding = 4; lastKnownFileType = sourcecode.c.objc; path = AYCarrier.m; sourceTree = "<group>"; };
		A9E067951ECD9F9300D71131 /* AYTaskQueue.h */ = {isa = PBXFileReference; fileEncoding = 4; lastKnownFileType = sourcecode.c.h; path = AYTaskQueue.h; sourceTree = "<group>"; };
		A9E067961ECD9F9300D71131 /* AYTaskQueue.m */ = {isa = PBXFileReference; fileEncoding = 4; lastKnownFileType = sourcecode.c.objc; path = AYTaskQueue.m; sourceTree = "<group>"; };
/* End PBXFileReference section */

/* Begin PBXFrameworksBuildPhase section */
		A9082E1A1ECD6EBF00BF26A1 /* Frameworks */ = {
			isa = PBXFrameworksBuildPhase;
			buildActionMask = 2147483647;
			files = (
			);
			runOnlyForDeploymentPostprocessing = 0;
		};
/* End PBXFrameworksBuildPhase section */

/* Begin PBXGroup section */
		A9082E141ECD6EBF00BF26A1 = {
			isa = PBXGroup;
			children = (
				A9082E1F1ECD6EBF00BF26A1 /* AYTaskQueue */,
				A9082E1E1ECD6EBF00BF26A1 /* Products */,
			);
			sourceTree = "<group>";
		};
		A9082E1E1ECD6EBF00BF26A1 /* Products */ = {
			isa = PBXGroup;
			children = (
				A9082E1D1ECD6EBF00BF26A1 /* AYTaskQueue.app */,
			);
			name = Products;
			sourceTree = "<group>";
		};
		A9082E1F1ECD6EBF00BF26A1 /* AYTaskQueue */ = {
			isa = PBXGroup;
			children = (
				A9E067921ECD9F9300D71131 /* AYTaskQueue */,
				A9082E231ECD6EBF00BF26A1 /* AppDelegate.h */,
				A9082E241ECD6EBF00BF26A1 /* AppDelegate.m */,
				A9082E261ECD6EBF00BF26A1 /* ViewController.h */,
				A9082E271ECD6EBF00BF26A1 /* ViewController.m */,
				A9A1A1861ECED801008B0079 /* AYTaskQueue_Leaks.h */,
				A9A1A1871ECED801008B0079 /* AYTaskQueue_Leaks.m */,
				A9082E291ECD6EBF00BF26A1 /* Main.storyboard */,
				A9082E2C1ECD6EBF00BF26A1 /* Assets.xcassets */,
				A9082E2E1ECD6EBF00BF26A1 /* LaunchScreen.storyboard */,
				A9082E311ECD6EC000BF26A1 /* Info.plist */,
				A9082E201ECD6EBF00BF26A1 /* Supporting Files */,
			);
			path = AYTaskQueue;
			sourceTree = "<group>";
		};
		A9082E201ECD6EBF00BF26A1 /* Supporting Files */ = {
			isa = PBXGroup;
			children = (
				A9082E211ECD6EBF00BF26A1 /* main.m */,
			);
			name = "Supporting Files";
			sourceTree = "<group>";
		};
		A9E067921ECD9F9300D71131 /* AYTaskQueue */ = {
			isa = PBXGroup;
			children = (
				A9E067931ECD9F9300D71131 /* AYCarrier.h */,
				A9E067941ECD9F9300D71131 /* AYCarrier.m */,
				A9E067951ECD9F9300D71131 /* AYTaskQueue.h */,
				A9E067961ECD9F9300D71131 /* AYTaskQueue.m */,
			);
			path = AYTaskQueue;
			sourceTree = "<group>";
		};
/* End PBXGroup section */

/* Begin PBXNativeTarget section */
		A9082E1C1ECD6EBF00BF26A1 /* AYTaskQueue */ = {
			isa = PBXNativeTarget;
			buildConfigurationList = A9082E341ECD6EC000BF26A1 /* Build configuration list for PBXNativeTarget "AYTaskQueue" */;
			buildPhases = (
				A9082E191ECD6EBF00BF26A1 /* Sources */,
				A9082E1A1ECD6EBF00BF26A1 /* Frameworks */,
				A9082E1B1ECD6EBF00BF26A1 /* Resources */,
			);
			buildRules = (
			);
			dependencies = (
			);
			name = AYTaskQueue;
			productName = AYTaskQueue;
			productReference = A9082E1D1ECD6EBF00BF26A1 /* AYTaskQueue.app */;
			productType = "com.apple.product-type.application";
		};
/* End PBXNativeTarget section */

/* Begin PBXProject section */
		A9082E151ECD6EBF00BF26A1 /* Project object */ = {
			isa = PBXProject;
			attributes = {
				LastUpgradeCheck = 0830;
				ORGANIZATIONNAME = ylchun;
				TargetAttributes = {
					A9082E1C1ECD6EBF00BF26A1 = {
						CreatedOnToolsVersion = 8.3.1;
						ProvisioningStyle = Automatic;
					};
				};
			};
			buildConfigurationList = A9082E181ECD6EBF00BF26A1 /* Build configuration list for PBXProject "AYTaskQueue" */;
			compatibilityVersion = "Xcode 3.2";
			developmentRegion = English;
			hasScannedForEncodings = 0;
			knownRegions = (
				en,
				Base,
			);
			mainGroup = A9082E141ECD6EBF00BF26A1;
			productRefGroup = A9082E1E1ECD6EBF00BF26A1 /* Products */;
			projectDirPath = "";
			projectRoot = "";
			targets = (
				A9082E1C1ECD6EBF00BF26A1 /* AYTaskQueue */,
			);
		};
/* End PBXProject section */

/* Begin PBXResourcesBuildPhase section */
		A9082E1B1ECD6EBF00BF26A1 /* Resources */ = {
			isa = PBXResourcesBuildPhase;
			buildActionMask = 2147483647;
			files = (
				A9082E301ECD6EBF00BF26A1 /* LaunchScreen.storyboard in Resources */,
				A9082E2D1ECD6EBF00BF26A1 /* Assets.xcassets in Resources */,
				A9082E2B1ECD6EBF00BF26A1 /* Main.storyboard in Resources */,
			);
			runOnlyForDeploymentPostprocessing = 0;
		};
/* End PBXResourcesBuildPhase section */

/* Begin PBXSourcesBuildPhase section */
		A9082E191ECD6EBF00BF26A1 /* Sources */ = {
			isa = PBXSourcesBuildPhase;
			buildActionMask = 2147483647;
			files = (
				A9E067981ECD9F9300D71131 /* AYTaskQueue.m in Sources */,
				A9082E281ECD6EBF00BF26A1 /* ViewController.m in Sources */,
				A9082E251ECD6EBF00BF26A1 /* AppDelegate.m in Sources */,
				A9A1A1881ECED801008B0079 /* AYTaskQueue_Leaks.m in Sources */,
				A9E067971ECD9F9300D71131 /* AYCarrier.m in Sources */,
				A9082E221ECD6EBF00BF26A1 /* main.m in Sources */,
			);
			runOnlyForDeploymentPostprocessing = 0;
		};
/* End PBXSourcesBuildPhase section */

/* Begin PBXVariantGroup section */
		A9082E291ECD6EBF00BF26A1 /* Main.storyboard */ = {
			isa = PBXVariantGroup;
			children = (
				A9082E2A1ECD6EBF00BF26A1 /* Base */,
			);
			name = Main.storyboard;
			sourceTree = "<group>";
		};
		A9082E2E1ECD6EBF00BF26A1 /* LaunchScreen.storyboard */ = {
			isa = PBXVariantGroup;
			children = (
				A9082E2F1ECD6EBF00BF26A1 /* Base */,
			);
			name = LaunchScreen.storyboard;
			sourceTree = "<group>";
		};
/* End PBXVariantGroup section */

/* Begin XCBuildConfiguration section */
		A9082E321ECD6EC000BF26A1 /* Debug */ = {
			isa = XCBuildConfiguration;
			buildSettings = {
				ALWAYS_SEARCH_USER_PATHS = NO;
				CLANG_ANALYZER_NONNULL = YES;
				CLANG_ANALYZER_NUMBER_OBJECT_CONVERSION = YES_AGGRESSIVE;
				CLANG_CXX_LANGUAGE_STANDARD = "gnu++0x";
				CLANG_CXX_LIBRARY = "libc++";
				CLANG_ENABLE_MODULES = YES;
				CLANG_ENABLE_OBJC_ARC = YES;
				CLANG_WARN_BOOL_CONVERSION = YES;
				CLANG_WARN_CONSTANT_CONVERSION = YES;
				CLANG_WARN_DIRECT_OBJC_ISA_USAGE = YES_ERROR;
				CLANG_WARN_DOCUMENTATION_COMMENTS = YES;
				CLANG_WARN_EMPTY_BODY = YES;
				CLANG_WARN_ENUM_CONVERSION = YES;
				CLANG_WARN_INFINITE_RECURSION = YES;
				CLANG_WARN_INT_CONVERSION = YES;
				CLANG_WARN_OBJC_ROOT_CLASS = YES_ERROR;
				CLANG_WARN_SUSPICIOUS_MOVE = YES;
				CLANG_WARN_UNREACHABLE_CODE = YES;
				CLANG_WARN__DUPLICATE_METHOD_MATCH = YES;
				"CODE_SIGN_IDENTITY[sdk=iphoneos*]" = "iPhone Developer";
				COPY_PHASE_STRIP = NO;
				DEBUG_INFORMATION_FORMAT = dwarf;
				ENABLE_STRICT_OBJC_MSGSEND = YES;
				ENABLE_TESTABILITY = YES;
				GCC_C_LANGUAGE_STANDARD = gnu99;
				GCC_DYNAMIC_NO_PIC = NO;
				GCC_NO_COMMON_BLOCKS = YES;
				GCC_OPTIMIZATION_LEVEL = 0;
				GCC_PREPROCESSOR_DEFINITIONS = (
					"DEBUG=1",
					"$(inherited)",
				);
				GCC_WARN_64_TO_32_BIT_CONVERSION = YES;
				GCC_WARN_ABOUT_RETURN_TYPE = YES_ERROR;
				GCC_WARN_UNDECLARED_SELECTOR = YES;
				GCC_WARN_UNINITIALIZED_AUTOS = YES_AGGRESSIVE;
				GCC_WARN_UNUSED_FUNCTION = YES;
				GCC_WARN_UNUSED_VARIABLE = YES;
				IPHONEOS_DEPLOYMENT_TARGET = 8.0;
				MTL_ENABLE_DEBUG_INFO = YES;
				ONLY_ACTIVE_ARCH = YES;
				SDKROOT = iphoneos;
				TARGETED_DEVICE_FAMILY = "1,2";
			};
			name = Debug;
		};
		A9082E331ECD6EC000BF26A1 /* Release */ = {
			isa = XCBuildConfiguration;
			buildSettings = {
				ALWAYS_SEARCH_USER_PATHS = NO;
				CLANG_ANALYZER_NONNULL = YES;
				CLANG_ANALYZER_NUMBER_OBJECT_CONVERSION = YES_AGGRESSIVE;
				CLANG_CXX_LANGUAGE_STANDARD = "gnu++0x";
				CLANG_CXX_LIBRARY = "libc++";
				CLANG_ENABLE_MODULES = YES;
				CLANG_ENABLE_OBJC_ARC = YES;
				CLANG_WARN_BOOL_CONVERSION = YES;
				CLANG_WARN_CONSTANT_CONVERSION = YES;
				CLANG_WARN_DIRECT_OBJC_ISA_USAGE = YES_ERROR;
				CLANG_WARN_DOCUMENTATION_COMMENTS = YES;
				CLANG_WARN_EMPTY_BODY = YES;
				CLANG_WARN_ENUM_CONVERSION = YES;
				CLANG_WARN_INFINITE_RECURSION = YES;
				CLANG_WARN_INT_CONVERSION = YES;
				CLANG_WARN_OBJC_ROOT_CLASS = YES_ERROR;
				CLANG_WARN_SUSPICIOUS_MOVE = YES;
				CLANG_WARN_UNREACHABLE_CODE = YES;
				CLANG_WARN__DUPLICATE_METHOD_MATCH = YES;
				"CODE_SIGN_IDENTITY[sdk=iphoneos*]" = "iPhone Developer";
				COPY_PHASE_STRIP = NO;
				DEBUG_INFORMATION_FORMAT = "dwarf-with-dsym";
				ENABLE_NS_ASSERTIONS = NO;
				ENABLE_STRICT_OBJC_MSGSEND = YES;
				GCC_C_LANGUAGE_STANDARD = gnu99;
				GCC_NO_COMMON_BLOCKS = YES;
				GCC_WARN_64_TO_32_BIT_CONVERSION = YES;
				GCC_WARN_ABOUT_RETURN_TYPE = YES_ERROR;
				GCC_WARN_UNDECLARED_SELECTOR = YES;
				GCC_WARN_UNINITIALIZED_AUTOS = YES_AGGRESSIVE;
				GCC_WARN_UNUSED_FUNCTION = YES;
				GCC_WARN_UNUSED_VARIABLE = YES;
				IPHONEOS_DEPLOYMENT_TARGET = 8.0;
				MTL_ENABLE_DEBUG_INFO = NO;
				SDKROOT = iphoneos;
				TARGETED_DEVICE_FAMILY = "1,2";
				VALIDATE_PRODUCT = YES;
			};
			name = Release;
		};
		A9082E351ECD6EC000BF26A1 /* Debug */ = {
			isa = XCBuildConfiguration;
			buildSettings = {
				ASSETCATALOG_COMPILER_APPICON_NAME = AppIcon;
				DEVELOPMENT_TEAM = "";
				INFOPLIST_FILE = AYTaskQueue/Info.plist;
				LD_RUNPATH_SEARCH_PATHS = "$(inherited) @executable_path/Frameworks";
				PRODUCT_BUNDLE_IDENTIFIER = com.ylchun.AYTaskQueue;
				PRODUCT_NAME = "$(TARGET_NAME)";
			};
			name = Debug;
		};
		A9082E361ECD6EC000BF26A1 /* Release */ = {
			isa = XCBuildConfiguration;
			buildSettings = {
				ASSETCATALOG_COMPILER_APPICON_NAME = AppIcon;
				DEVELOPMENT_TEAM = "";
				INFOPLIST_FILE = AYTaskQueue/Info.plist;
				LD_RUNPATH_SEARCH_PATHS = "$(inherited) @executable_path/Frameworks";
				PRODUCT_BUNDLE_IDENTIFIER = com.ylchun.AYTaskQueue;
				PRODUCT_NAME = "$(TARGET_NAME)";
			};
			name = Release;
		};
/* End XCBuildConfiguration section */

/* Begin XCConfigurationList section */
		A9082E181ECD6EBF00BF26A1 /* Build configuration list for PBXProject "AYTaskQueue" */ = {
			isa = XCConfigurationList;
			buildConfigurations = (
				A9082E321ECD6EC000BF26A1 /* Debug */,
				A9082E331ECD6EC000BF26A1 /* Release */,
			);
			defaultConfigurationIsVisible = 0;
			defaultConfigurationName = Release;
		};
		A9082E341ECD6EC000BF26A1 /* Build configuration list for PBXNativeTarget "AYTaskQueue" */ = {
			isa = XCConfigurationList;
			buildConfigurations = (
				A9082E351ECD6EC000BF26A1 /* Debug */,
				A9082E361ECD6EC000BF26A1 /* Release */,
			);
			defaultConfigurationIsVisible = 0;
			defaultConfigurationName = Release;
		};
/* End XCConfigurationList section */
	};
	rootObject = A9082E151ECD6EBF00BF26A1 /* Project object */;
}
